
Microsoft Visual Studio Solution File, Format Version 12.00
# Visual Studio Version 16
VisualStudioVersion = 16.0.29709.97
MinimumVisualStudioVersion = 10.0.40219.1
Project("{FAE04EC0-301F-11D3-BF4B-00C04F79EFBC}") = "Online Vacation Reservation", "Online Vacation Reservation\Online Vacation Reservation.csproj", "{38FB47B5-031B-4CD5-8D92-0F824C1AEA1B}"
EndProject
Global
	GlobalSection(SolutionConfigurationPlatforms) = preSolution
		Debug|Any CPU = Debug|Any CPU
		Release|Any CPU = Release|Any CPU
	EndGlobalSection
	GlobalSection(ProjectConfigurationPlatforms) = postSolution
		{38FB47B5-031B-4CD5-8D92-0F824C1AEA1B}.Debug|Any CPU.ActiveCfg = Debug|Any CPU
		{38FB47B5-031B-4CD5-8D92-0F824C1AEA1B}.Debug|Any CPU.Build.0 = Debug|Any CPU
		{38FB47B5-031B-4CD5-8D92-0F824C1AEA1B}.Release|Any CPU.ActiveCfg = Release|Any CPU
		{38FB47B5-031B-4CD5-8D92-0F824C1AEA1B}.Release|Any CPU.Build.0 = Release|Any CPU
	EndGlobalSection
	GlobalSection(SolutionProperties) = preSolution
		HideSolutionNode = FALSE
	EndGlobalSection
	GlobalSection(ExtensibilityGlobals) = postSolution
		SolutionGuid = {F77B71BC-3C61-45B4-9AB7-200E4C8331B4}
	EndGlobalSection
EndGlobal
